
Microsoft Visual Studio Solution File, Format Version 12.00
# Visual Studio Version 16
VisualStudioVersion = 16.0.29209.62
MinimumVisualStudioVersion = 10.0.40219.1
Project("{FAE04EC0-301F-11D3-BF4B-00C04F79EFBC}") = "MongoLab", "MongoLab\MongoLab.csproj", "{E75D5D20-662D-496B-B1EE-1B9D90B186DA}"
EndProject
Global
	GlobalSection(SolutionConfigurationPlatforms) = preSolution
		Debug|Any CPU = Debug|Any CPU
		Release|Any CPU = Release|Any CPU
	EndGlobalSection
	GlobalSection(ProjectConfigurationPlatforms) = postSolution
		{E75D5D20-662D-496B-B1EE-1B9D90B186DA}.Debug|Any CPU.ActiveCfg = Debug|Any CPU
		{E75D5D20-662D-496B-B1EE-1B9D90B186DA}.Debug|Any CPU.Build.0 = Debug|Any CPU
		{E75D5D20-662D-496B-B1EE-1B9D90B186DA}.Release|Any CPU.ActiveCfg = Release|Any CPU
		{E75D5D20-662D-496B-B1EE-1B9D90B186DA}.Release|Any CPU.Build.0 = Release|Any CPU
	EndGlobalSection
	GlobalSection(SolutionProperties) = preSolution
		HideSolutionNode = FALSE
	EndGlobalSection
	GlobalSection(ExtensibilityGlobals) = postSolution
		SolutionGuid = {8F593B16-255F-4C35-8C1A-16F09491E126}
	EndGlobalSection
EndGlobal
